
Microsoft Visual Studio Solution File, Format Version 12.00
# Visual Studio 2015
Project("{FAE04EC0-301F-11D3-BF4B-00C04F79EFBC}") = "GGJ-Waving.CSharp", "GGJ-Waving.CSharp.csproj", "{14420E0C-C4EA-62EA-0617-2C39D5A5CF4C}"
EndProject
Global
	GlobalSection(SolutionConfigurationPlatforms) = preSolution
		Debug|Any CPU = Debug|Any CPU
		Release|Any CPU = Release|Any CPU
	EndGlobalSection
	GlobalSection(ProjectConfigurationPlatforms) = postSolution
		{14420E0C-C4EA-62EA-0617-2C39D5A5CF4C}.Debug|Any CPU.ActiveCfg = Debug|Any CPU
		{14420E0C-C4EA-62EA-0617-2C39D5A5CF4C}.Debug|Any CPU.Build.0 = Debug|Any CPU
		{14420E0C-C4EA-62EA-0617-2C39D5A5CF4C}.Release|Any CPU.ActiveCfg = Release|Any CPU
		{14420E0C-C4EA-62EA-0617-2C39D5A5CF4C}.Release|Any CPU.Build.0 = Release|Any CPU
	EndGlobalSection
	GlobalSection(SolutionProperties) = preSolution
		HideSolutionNode = FALSE
	EndGlobalSection
EndGlobal
